
Microsoft Visual Studio Solution File, Format Version 12.00
# Visual Studio Version 17
VisualStudioVersion = 17.14.36717.8 d17.14
MinimumVisualStudioVersion = 10.0.40219.1
Project("{FAE04EC0-301F-11D3-BF4B-00C04F79EFBC}") = "DictionaryCountryCapital", "DictionaryCountryCapital.csproj", "{2CDA4C45-CA39-472D-98CD-C0183780DE0F}"
EndProject
Global
	GlobalSection(SolutionConfigurationPlatforms) = preSolution
		Debug|Any CPU = Debug|Any CPU
		Release|Any CPU = Release|Any CPU
	EndGlobalSection
	GlobalSection(ProjectConfigurationPlatforms) = postSolution
		{2CDA4C45-CA39-472D-98CD-C0183780DE0F}.Debug|Any CPU.ActiveCfg = Debug|Any CPU
		{2CDA4C45-CA39-472D-98CD-C0183780DE0F}.Debug|Any CPU.Build.0 = Debug|Any CPU
		{2CDA4C45-CA39-472D-98CD-C0183780DE0F}.Release|Any CPU.ActiveCfg = Release|Any CPU
		{2CDA4C45-CA39-472D-98CD-C0183780DE0F}.Release|Any CPU.Build.0 = Release|Any CPU
	EndGlobalSection
	GlobalSection(SolutionProperties) = preSolution
		HideSolutionNode = FALSE
	EndGlobalSection
	GlobalSection(ExtensibilityGlobals) = postSolution
		SolutionGuid = {ECC6BBA5-C48C-4945-B923-303AB8925716}
	EndGlobalSection
EndGlobal
